
Microsoft Visual Studio Solution File, Format Version 12.00
# Visual Studio Version 17
VisualStudioVersion = 17.8.34511.84
MinimumVisualStudioVersion = 10.0.40219.1
Project("{FAE04EC0-301F-11D3-BF4B-00C04F79EFBC}") = "BackendTest1", "BackendTest1.csproj", "{C88A5D3B-87D4-4131-AFE4-FE6D83479DB3}"
EndProject
Global
	GlobalSection(SolutionConfigurationPlatforms) = preSolution
		Debug|Any CPU = Debug|Any CPU
		Release|Any CPU = Release|Any CPU
	EndGlobalSection
	GlobalSection(ProjectConfigurationPlatforms) = postSolution
		{C88A5D3B-87D4-4131-AFE4-FE6D83479DB3}.Debug|Any CPU.ActiveCfg = Debug|Any CPU
		{C88A5D3B-87D4-4131-AFE4-FE6D83479DB3}.Debug|Any CPU.Build.0 = Debug|Any CPU
		{C88A5D3B-87D4-4131-AFE4-FE6D83479DB3}.Release|Any CPU.ActiveCfg = Release|Any CPU
		{C88A5D3B-87D4-4131-AFE4-FE6D83479DB3}.Release|Any CPU.Build.0 = Release|Any CPU
	EndGlobalSection
	GlobalSection(SolutionProperties) = preSolution
		HideSolutionNode = FALSE
	EndGlobalSection
	GlobalSection(ExtensibilityGlobals) = postSolution
		SolutionGuid = {E8586CF6-9475-4A08-9311-8FD8284746D8}
	EndGlobalSection
EndGlobal
